{
  "version": 4,
  "terraform_version": "1.3.7",
  "serial": 40,
  "lineage": "bfedcb18-7d5f-2849-b979-ae4262cf607a",
  "outputs": {},
  "resources": [
    {
      "mode": "managed",
      "type": "google_service_account",
      "name": "bucket_uploader",
      "provider": "provider[\"registry.terraform.io/hashicorp/google\"]",
      "instances": [
        {
          "schema_version": 0,
          "attributes": {
            "account_id": "bucket-uploader",
            "description": "",
            "disabled": false,
            "display_name": "",
            "email": "bucket-uploader@shaped-storm-374910.iam.gserviceaccount.com",
            "id": "projects/shaped-storm-374910/serviceAccounts/bucket-uploader@shaped-storm-374910.iam.gserviceaccount.com",
            "member": "serviceAccount:bucket-uploader@shaped-storm-374910.iam.gserviceaccount.com",
            "name": "projects/shaped-storm-374910/serviceAccounts/bucket-uploader@shaped-storm-374910.iam.gserviceaccount.com",
            "project": "shaped-storm-374910",
            "timeouts": null,
            "unique_id": "115974930226588157042"
          },
          "sensitive_attributes": [],
          "private": "eyJlMmJmYjczMC1lY2FhLTExZTYtOGY4OC0zNDM2M2JjN2M0YzAiOnsiY3JlYXRlIjozMDAwMDAwMDAwMDB9fQ=="
        }
      ]
    },
    {
      "mode": "managed",
      "type": "google_storage_bucket",
      "name": "my_bucket_tp764242",
      "provider": "provider[\"registry.terraform.io/hashicorp/google\"]",
      "instances": [
        {
          "schema_version": 0,
          "attributes": {
            "autoclass": [],
            "cors": [],
            "custom_placement_config": [],
            "default_event_based_hold": false,
            "encryption": [],
            "force_destroy": false,
            "id": "my_bucket_tp764242",
            "labels": null,
            "lifecycle_rule": [
              {
                "action": [
                  {
                    "storage_class": "",
                    "type": "Delete"
                  }
                ],
                "condition": [
                  {
                    "age": 10,
                    "created_before": "",
                    "custom_time_before": "",
                    "days_since_custom_time": 0,
                    "days_since_noncurrent_time": 0,
                    "matches_prefix": [],
                    "matches_storage_class": [],
                    "matches_suffix": [],
                    "noncurrent_time_before": "",
                    "num_newer_versions": 0,
                    "with_state": "ANY"
                  }
                ]
              }
            ],
            "location": "EU",
            "logging": [],
            "name": "my_bucket_tp764242",
            "project": "shaped-storm-374910",
            "public_access_prevention": "inherited",
            "requester_pays": false,
            "retention_policy": [],
            "self_link": "https://www.googleapis.com/storage/v1/b/my_bucket_tp764242",
            "storage_class": "COLDLINE",
            "timeouts": null,
            "uniform_bucket_level_access": false,
            "url": "gs://my_bucket_tp764242",
            "versioning": [],
            "website": []
          },
          "sensitive_attributes": [],
          "private": "eyJlMmJmYjczMC1lY2FhLTExZTYtOGY4OC0zNDM2M2JjN2M0YzAiOnsiY3JlYXRlIjoyNDAwMDAwMDAwMDAsInJlYWQiOjI0MDAwMDAwMDAwMCwidXBkYXRlIjoyNDAwMDAwMDAwMDB9fQ=="
        }
      ]
    },
    {
      "mode": "managed",
      "type": "google_storage_bucket_iam_binding",
      "name": "bucket_uploader_binding",
      "provider": "provider[\"registry.terraform.io/hashicorp/google\"]",
      "instances": [
        {
          "schema_version": 0,
          "attributes": {
            "bucket": "b/my_bucket_tp764242",
            "condition": [],
            "etag": "CAI=",
            "id": "b/my_bucket_tp764242/roles/storage.objectCreator",
            "members": [
              "serviceAccount:bucket-uploader@shaped-storm-374910.iam.gserviceaccount.com"
            ],
            "role": "roles/storage.objectCreator"
          },
          "sensitive_attributes": [],
          "private": "bnVsbA==",
          "dependencies": [
            "google_service_account.bucket_uploader",
            "google_storage_bucket.my_bucket_tp764242"
          ]
        }
      ]
    }
  ],
  "check_results": null
}
